
Microsoft Visual Studio Solution File, Format Version 12.00
# Visual Studio Version 16
VisualStudioVersion = 16.0.30114.105
MinimumVisualStudioVersion = 10.0.40219.1
Project("{FAE04EC0-301F-11D3-BF4B-00C04F79EFBC}") = "AdventOfCode", "src\AdventOfCode.csproj", "{7C6B1D8E-C008-4127-8E13-7C8D01E464B0}"
EndProject
Project("{FAE04EC0-301F-11D3-BF4B-00C04F79EFBC}") = "AdventOfCode.Tests", "tests\AdventOfCode.Tests.csproj", "{B511E6C0-F8E8-429F-8108-60EF315564E1}"
EndProject
Global
	GlobalSection(SolutionConfigurationPlatforms) = preSolution
		Debug|Any CPU = Debug|Any CPU
		Release|Any CPU = Release|Any CPU
	EndGlobalSection
	GlobalSection(SolutionProperties) = preSolution
		HideSolutionNode = FALSE
	EndGlobalSection
	GlobalSection(ProjectConfigurationPlatforms) = postSolution
		{7C6B1D8E-C008-4127-8E13-7C8D01E464B0}.Debug|Any CPU.ActiveCfg = Debug|Any CPU
		{7C6B1D8E-C008-4127-8E13-7C8D01E464B0}.Debug|Any CPU.Build.0 = Debug|Any CPU
		{7C6B1D8E-C008-4127-8E13-7C8D01E464B0}.Release|Any CPU.ActiveCfg = Release|Any CPU
		{7C6B1D8E-C008-4127-8E13-7C8D01E464B0}.Release|Any CPU.Build.0 = Release|Any CPU
		{B511E6C0-F8E8-429F-8108-60EF315564E1}.Debug|Any CPU.ActiveCfg = Debug|Any CPU
		{B511E6C0-F8E8-429F-8108-60EF315564E1}.Debug|Any CPU.Build.0 = Debug|Any CPU
		{B511E6C0-F8E8-429F-8108-60EF315564E1}.Release|Any CPU.ActiveCfg = Release|Any CPU
		{B511E6C0-F8E8-429F-8108-60EF315564E1}.Release|Any CPU.Build.0 = Release|Any CPU
	EndGlobalSection
EndGlobal
